
Microsoft Visual Studio Solution File, Format Version 12.00
# Visual Studio Version 17
VisualStudioVersion = 17.7.34024.191
MinimumVisualStudioVersion = 10.0.40219.1
Project("{9A19103F-16F7-4668-BE54-9A1E7A4F7556}") = "Bowler.Shared", "Bowler.Shared\Bowler.Shared.csproj", "{9FED1323-EA16-4101-9C42-79D5E9593568}"
EndProject
Project("{9A19103F-16F7-4668-BE54-9A1E7A4F7556}") = "Bowler.API", "Bowler.API\Bowler.API.csproj", "{F2226819-3562-4296-B8D2-B1C41B655891}"
EndProject
Project("{9A19103F-16F7-4668-BE54-9A1E7A4F7556}") = "Bowler.WEB", "Bowler.WEB\Bowler.WEB.csproj", "{37D1B909-AE75-4192-91D3-7033428A7E34}"
EndProject
Global
	GlobalSection(SolutionConfigurationPlatforms) = preSolution
		Debug|Any CPU = Debug|Any CPU
		Release|Any CPU = Release|Any CPU
	EndGlobalSection
	GlobalSection(ProjectConfigurationPlatforms) = postSolution
		{9FED1323-EA16-4101-9C42-79D5E9593568}.Debug|Any CPU.ActiveCfg = Debug|Any CPU
		{9FED1323-EA16-4101-9C42-79D5E9593568}.Debug|Any CPU.Build.0 = Debug|Any CPU
		{9FED1323-EA16-4101-9C42-79D5E9593568}.Release|Any CPU.ActiveCfg = Release|Any CPU
		{9FED1323-EA16-4101-9C42-79D5E9593568}.Release|Any CPU.Build.0 = Release|Any CPU
		{F2226819-3562-4296-B8D2-B1C41B655891}.Debug|Any CPU.ActiveCfg = Debug|Any CPU
		{F2226819-3562-4296-B8D2-B1C41B655891}.Debug|Any CPU.Build.0 = Debug|Any CPU
		{F2226819-3562-4296-B8D2-B1C41B655891}.Release|Any CPU.ActiveCfg = Release|Any CPU
		{F2226819-3562-4296-B8D2-B1C41B655891}.Release|Any CPU.Build.0 = Release|Any CPU
		{37D1B909-AE75-4192-91D3-7033428A7E34}.Debug|Any CPU.ActiveCfg = Debug|Any CPU
		{37D1B909-AE75-4192-91D3-7033428A7E34}.Debug|Any CPU.Build.0 = Debug|Any CPU
		{37D1B909-AE75-4192-91D3-7033428A7E34}.Release|Any CPU.ActiveCfg = Release|Any CPU
		{37D1B909-AE75-4192-91D3-7033428A7E34}.Release|Any CPU.Build.0 = Release|Any CPU
	EndGlobalSection
	GlobalSection(SolutionProperties) = preSolution
		HideSolutionNode = FALSE
	EndGlobalSection
	GlobalSection(ExtensibilityGlobals) = postSolution
		SolutionGuid = {827CEE3C-3798-4B21-9856-36C9399C18FD}
	EndGlobalSection
EndGlobal
